
Microsoft Visual Studio Solution File, Format Version 12.00
# Visual Studio Version 16
VisualStudioVersion = 16.0.31729.503
MinimumVisualStudioVersion = 10.0.40219.1
Project("{FAE04EC0-301F-11D3-BF4B-00C04F79EFBC}") = "URIWorking", "URIWorking.csproj", "{67E363FD-C086-46CE-9606-136C2621556A}"
EndProject
Global
	GlobalSection(SolutionConfigurationPlatforms) = preSolution
		Debug|Any CPU = Debug|Any CPU
		Release|Any CPU = Release|Any CPU
	EndGlobalSection
	GlobalSection(ProjectConfigurationPlatforms) = postSolution
		{67E363FD-C086-46CE-9606-136C2621556A}.Debug|Any CPU.ActiveCfg = Debug|Any CPU
		{67E363FD-C086-46CE-9606-136C2621556A}.Debug|Any CPU.Build.0 = Debug|Any CPU
		{67E363FD-C086-46CE-9606-136C2621556A}.Release|Any CPU.ActiveCfg = Release|Any CPU
		{67E363FD-C086-46CE-9606-136C2621556A}.Release|Any CPU.Build.0 = Release|Any CPU
	EndGlobalSection
	GlobalSection(SolutionProperties) = preSolution
		HideSolutionNode = FALSE
	EndGlobalSection
	GlobalSection(ExtensibilityGlobals) = postSolution
		SolutionGuid = {D1438197-518C-4C7D-8FBD-71A6F98DB38E}
	EndGlobalSection
EndGlobal
